
Microsoft Visual Studio Solution File, Format Version 12.00
# Visual Studio Version 17
VisualStudioVersion = 17.11.35312.102
MinimumVisualStudioVersion = 10.0.40219.1
Project("{9A19103F-16F7-4668-BE54-9A1E7A4F7556}") = "Edenmao.Core", "Edenmao.Core\Edenmao.Core.csproj", "{62D8C36A-81E8-489D-A663-98894445A4BD}"
EndProject
Project("{9A19103F-16F7-4668-BE54-9A1E7A4F7556}") = "Edenmao.Domain", "Edenmao.Domain\Edenmao.Domain.csproj", "{7DA0A580-7589-4227-A104-71B8881F0B7A}"
EndProject
Project("{9A19103F-16F7-4668-BE54-9A1E7A4F7556}") = "Edenmao.Infrastructure", "Edenmao.Infrastructure\Edenmao.Infrastructure.csproj", "{9B9456BD-9BB5-4633-9666-D69488B80E77}"
EndProject
Project("{2150E333-8FDC-42A3-9474-1A3956D46DE8}") = "User Interface", "User Interface", "{8A274422-EF1C-4724-ACCF-FD4D573FC913}"
EndProject
Project("{2150E333-8FDC-42A3-9474-1A3956D46DE8}") = "API", "API", "{896DE4A9-F252-4A3A-A2A2-70D6DA673BAD}"
EndProject
Project("{FAE04EC0-301F-11D3-BF4B-00C04F79EFBC}") = "Edenmao.UI.WebAPI", "Edenmao.UI.WebAPI\Edenmao.UI.WebAPI.csproj", "{04B40086-A15B-4377-BD9A-DC6BD9C1CDF3}"
EndProject
Global
	GlobalSection(SolutionConfigurationPlatforms) = preSolution
		Debug|Any CPU = Debug|Any CPU
		Release|Any CPU = Release|Any CPU
	EndGlobalSection
	GlobalSection(ProjectConfigurationPlatforms) = postSolution
		{62D8C36A-81E8-489D-A663-98894445A4BD}.Debug|Any CPU.ActiveCfg = Debug|Any CPU
		{62D8C36A-81E8-489D-A663-98894445A4BD}.Debug|Any CPU.Build.0 = Debug|Any CPU
		{62D8C36A-81E8-489D-A663-98894445A4BD}.Release|Any CPU.ActiveCfg = Release|Any CPU
		{62D8C36A-81E8-489D-A663-98894445A4BD}.Release|Any CPU.Build.0 = Release|Any CPU
		{7DA0A580-7589-4227-A104-71B8881F0B7A}.Debug|Any CPU.ActiveCfg = Debug|Any CPU
		{7DA0A580-7589-4227-A104-71B8881F0B7A}.Debug|Any CPU.Build.0 = Debug|Any CPU
		{7DA0A580-7589-4227-A104-71B8881F0B7A}.Release|Any CPU.ActiveCfg = Release|Any CPU
		{7DA0A580-7589-4227-A104-71B8881F0B7A}.Release|Any CPU.Build.0 = Release|Any CPU
		{9B9456BD-9BB5-4633-9666-D69488B80E77}.Debug|Any CPU.ActiveCfg = Debug|Any CPU
		{9B9456BD-9BB5-4633-9666-D69488B80E77}.Debug|Any CPU.Build.0 = Debug|Any CPU
		{9B9456BD-9BB5-4633-9666-D69488B80E77}.Release|Any CPU.ActiveCfg = Release|Any CPU
		{9B9456BD-9BB5-4633-9666-D69488B80E77}.Release|Any CPU.Build.0 = Release|Any CPU
		{04B40086-A15B-4377-BD9A-DC6BD9C1CDF3}.Debug|Any CPU.ActiveCfg = Debug|Any CPU
		{04B40086-A15B-4377-BD9A-DC6BD9C1CDF3}.Debug|Any CPU.Build.0 = Debug|Any CPU
		{04B40086-A15B-4377-BD9A-DC6BD9C1CDF3}.Release|Any CPU.ActiveCfg = Release|Any CPU
		{04B40086-A15B-4377-BD9A-DC6BD9C1CDF3}.Release|Any CPU.Build.0 = Release|Any CPU
	EndGlobalSection
	GlobalSection(SolutionProperties) = preSolution
		HideSolutionNode = FALSE
	EndGlobalSection
	GlobalSection(NestedProjects) = preSolution
		{896DE4A9-F252-4A3A-A2A2-70D6DA673BAD} = {8A274422-EF1C-4724-ACCF-FD4D573FC913}
		{04B40086-A15B-4377-BD9A-DC6BD9C1CDF3} = {896DE4A9-F252-4A3A-A2A2-70D6DA673BAD}
	EndGlobalSection
	GlobalSection(ExtensibilityGlobals) = postSolution
		SolutionGuid = {2077137A-F9AE-4D16-BE1C-CEC051343CDB}
	EndGlobalSection
EndGlobal
